
Microsoft Visual Studio Solution File, Format Version 12.00
# Visual Studio 14
VisualStudioVersion = 14.0.25420.1
MinimumVisualStudioVersion = 10.0.40219.1
Project("{F184B08F-C81C-45F6-A57F-5ABD9991F28F}") = "GUI_PKL", "GUI_PKL\GUI_PKL.vbproj", "{FCAEED76-32D8-439D-8498-A2E40E689BF6}"
EndProject
Global
	GlobalSection(SolutionConfigurationPlatforms) = preSolution
		Debug|Any CPU = Debug|Any CPU
		Release|Any CPU = Release|Any CPU
	EndGlobalSection
	GlobalSection(ProjectConfigurationPlatforms) = postSolution
		{FCAEED76-32D8-439D-8498-A2E40E689BF6}.Debug|Any CPU.ActiveCfg = Debug|Any CPU
		{FCAEED76-32D8-439D-8498-A2E40E689BF6}.Debug|Any CPU.Build.0 = Debug|Any CPU
		{FCAEED76-32D8-439D-8498-A2E40E689BF6}.Release|Any CPU.ActiveCfg = Release|Any CPU
		{FCAEED76-32D8-439D-8498-A2E40E689BF6}.Release|Any CPU.Build.0 = Release|Any CPU
	EndGlobalSection
	GlobalSection(SolutionProperties) = preSolution
		HideSolutionNode = FALSE
	EndGlobalSection
EndGlobal
